// !$*UTF8*$!
{
	archiveVersion = 1;
	classes = {
	};
	objectVersion = 48;
	objects = {

/* Begin PBXBuildFile section */
		4032F70A1F3BC4CF002D0E35 /* Turf.framework in Frameworks */ = {isa = PBXBuildFile; fileRef = 4032F7071F3BC492002D0E35 /* Turf.framework */; };
		4032F70C1F3BDA8B002D0E35 /* Annotation.swift in Sources */ = {isa = PBXBuildFile; fileRef = 4032F70B1F3BDA8B002D0E35 /* Annotation.swift */; };
		40D7228E1F3A4F3D00466721 /* MapboxARKit.framework in Frameworks */ = {isa = PBXBuildFile; fileRef = 40D722841F3A4F3D00466721 /* MapboxARKit.framework */; };
		40D722931F3A4F3D00466721 /* MapboxARKitTests.swift in Sources */ = {isa = PBXBuildFile; fileRef = 40D722921F3A4F3D00466721 /* MapboxARKitTests.swift */; };
		40D722951F3A4F3D00466721 /* MapboxARKit.h in Headers */ = {isa = PBXBuildFile; fileRef = 40D722871F3A4F3D00466721 /* MapboxARKit.h */; settings = {ATTRIBUTES = (Public, ); }; };
		40D722A01F3A598400466721 /* MBARAnchor.swift in Sources */ = {isa = PBXBuildFile; fileRef = 40D7229E1F3A597F00466721 /* MBARAnchor.swift */; };
		40D722A11F3A598600466721 /* AnnotationManager.swift in Sources */ = {isa = PBXBuildFile; fileRef = 40D7229F1F3A597F00466721 /* AnnotationManager.swift */; };
/* End PBXBuildFile section */

/* Begin PBXContainerItemProxy section */
		4032F7061F3BC492002D0E35 /* PBXContainerItemProxy */ = {
			isa = PBXContainerItemProxy;
			containerPortal = 4032F6FB1F3BC492002D0E35 /* Turf.xcodeproj */;
			proxyType = 2;
			remoteGlobalIDString = 35650AF01F150DC500B5C158;
			remoteInfo = Turf;
		};
		4032F7081F3BC492002D0E35 /* PBXContainerItemProxy */ = {
			isa = PBXContainerItemProxy;
			containerPortal = 4032F6FB1F3BC492002D0E35 /* Turf.xcodeproj */;
			proxyType = 2;
			remoteGlobalIDString = 35650AF91F150DC500B5C158;
			remoteInfo = TurfTests;
		};
		40D7228F1F3A4F3D00466721 /* PBXContainerItemProxy */ = {
			isa = PBXContainerItemProxy;
			containerPortal = 40D7227B1F3A4F3D00466721 /* Project object */;
			proxyType = 1;
			remoteGlobalIDString = 40D722831F3A4F3D00466721;
			remoteInfo = MapboxARKit;
		};
/* End PBXContainerItemProxy section */

/* Begin PBXFileReference section */
		4032F6E61F3BC3D5002D0E35 /* Turf.framework */ = {isa = PBXFileReference; lastKnownFileType = wrapper.framework; name = Turf.framework; path = ../Carthage/Build/iOS/Turf.framework; sourceTree = "<group>"; };
		4032F6EA1F3BC492002D0E35 /* .gitignore */ = {isa = PBXFileReference; lastKnownFileType = text; path = .gitignore; sourceTree = "<group>"; };
		4032F6ED1F3BC492002D0E35 /* .Turf-swift.version */ = {isa = PBXFileReference; lastKnownFileType = text; path = ".Turf-swift.version"; sourceTree = "<group>"; };
		4032F6EF1F3BC492002D0E35 /* 471C72CA-D553-38D7-AFCD-5C9B6ABD61CE.bcsymbolmap */ = {isa = PBXFileReference; lastKnownFileType = text; path = "471C72CA-D553-38D7-AFCD-5C9B6ABD61CE.bcsymbolmap"; sourceTree = "<group>"; };
		4032F6F01F3BC492002D0E35 /* 4CF76595-4F10-35AD-86DF-ABD4771E048F.bcsymbolmap */ = {isa = PBXFileReference; lastKnownFileType = text; path = "4CF76595-4F10-35AD-86DF-ABD4771E048F.bcsymbolmap"; sourceTree = "<group>"; };
		4032F6F11F3BC492002D0E35 /* Turf.framework */ = {isa = PBXFileReference; lastKnownFileType = wrapper.framework; path = Turf.framework; sourceTree = "<group>"; };
		4032F6F21F3BC492002D0E35 /* Turf.framework.dSYM */ = {isa = PBXFileReference; lastKnownFileType = wrapper.dsym; path = Turf.framework.dSYM; sourceTree = "<group>"; };
		4032F6F31F3BC492002D0E35 /* LICENSE.md */ = {isa = PBXFileReference; lastKnownFileType = net.daringfireball.markdown; path = LICENSE.md; sourceTree = "<group>"; };
		4032F6F41F3BC492002D0E35 /* README.md */ = {isa = PBXFileReference; lastKnownFileType = net.daringfireball.markdown; path = README.md; sourceTree = "<group>"; };
		4032F6F61F3BC492002D0E35 /* CoreLocation.swift */ = {isa = PBXFileReference; lastKnownFileType = sourcecode.swift; path = CoreLocation.swift; sourceTree = "<group>"; };
		4032F6F71F3BC492002D0E35 /* Info.plist */ = {isa = PBXFileReference; lastKnownFileType = text.plist.xml; path = Info.plist; sourceTree = "<group>"; };
		4032F6F81F3BC492002D0E35 /* Turf.h */ = {isa = PBXFileReference; lastKnownFileType = sourcecode.c.h; path = Turf.h; sourceTree = "<group>"; };
		4032F6F91F3BC492002D0E35 /* Turf.swift */ = {isa = PBXFileReference; lastKnownFileType = sourcecode.swift; path = Turf.swift; sourceTree = "<group>"; };
		4032F6FA1F3BC492002D0E35 /* turf-swift.podspec */ = {isa = PBXFileReference; lastKnownFileType = text; path = "turf-swift.podspec"; sourceTree = "<group>"; };
		4032F6FB1F3BC492002D0E35 /* Turf.xcodeproj */ = {isa = PBXFileReference; lastKnownFileType = "wrapper.pb-project"; path = Turf.xcodeproj; sourceTree = "<group>"; };
		4032F6FF1F3BC492002D0E35 /* Fixture.swift */ = {isa = PBXFileReference; lastKnownFileType = sourcecode.swift; path = Fixture.swift; sourceTree = "<group>"; };
		4032F7011F3BC492002D0E35 /* dc-line.geojson */ = {isa = PBXFileReference; lastKnownFileType = text; path = "dc-line.geojson"; sourceTree = "<group>"; };
		4032F7021F3BC492002D0E35 /* Info.plist */ = {isa = PBXFileReference; lastKnownFileType = text.plist.xml; path = Info.plist; sourceTree = "<group>"; };
		4032F7031F3BC492002D0E35 /* TurfTests.swift */ = {isa = PBXFileReference; lastKnownFileType = sourcecode.swift; path = TurfTests.swift; sourceTree = "<group>"; };
		4032F70B1F3BDA8B002D0E35 /* Annotation.swift */ = {isa = PBXFileReference; lastKnownFileType = sourcecode.swift; path = Annotation.swift; sourceTree = "<group>"; };
		40D722841F3A4F3D00466721 /* MapboxARKit.framework */ = {isa = PBXFileReference; explicitFileType = wrapper.framework; includeInIndex = 0; path = MapboxARKit.framework; sourceTree = BUILT_PRODUCTS_DIR; };
		40D722871F3A4F3D00466721 /* MapboxARKit.h */ = {isa = PBXFileReference; lastKnownFileType = sourcecode.c.h; path = MapboxARKit.h; sourceTree = "<group>"; };
		40D722881F3A4F3D00466721 /* Info.plist */ = {isa = PBXFileReference; lastKnownFileType = text.plist.xml; path = Info.plist; sourceTree = "<group>"; };
		40D7228D1F3A4F3D00466721 /* MapboxARKitTests.xctest */ = {isa = PBXFileReference; explicitFileType = wrapper.cfbundle; includeInIndex = 0; path = MapboxARKitTests.xctest; sourceTree = BUILT_PRODUCTS_DIR; };
		40D722921F3A4F3D00466721 /* MapboxARKitTests.swift */ = {isa = PBXFileReference; lastKnownFileType = sourcecode.swift; path = MapboxARKitTests.swift; sourceTree = "<group>"; };
		40D722941F3A4F3D00466721 /* Info.plist */ = {isa = PBXFileReference; lastKnownFileType = text.plist.xml; path = Info.plist; sourceTree = "<group>"; };
		40D7229E1F3A597F00466721 /* MBARAnchor.swift */ = {isa = PBXFileReference; lastKnownFileType = sourcecode.swift; path = MBARAnchor.swift; sourceTree = "<group>"; };
		40D7229F1F3A597F00466721 /* AnnotationManager.swift */ = {isa = PBXFileReference; lastKnownFileType = sourcecode.swift; path = AnnotationManager.swift; sourceTree = "<group>"; };
/* End PBXFileReference section */

/* Begin PBXFrameworksBuildPhase section */
		40D722801F3A4F3D00466721 /* Frameworks */ = {
			isa = PBXFrameworksBuildPhase;
			buildActionMask = 2147483647;
			files = (
				4032F70A1F3BC4CF002D0E35 /* Turf.framework in Frameworks */,
			);
			runOnlyForDeploymentPostprocessing = 0;
		};
		40D7228A1F3A4F3D00466721 /* Frameworks */ = {
			isa = PBXFrameworksBuildPhase;
			buildActionMask = 2147483647;
			files = (
				40D7228E1F3A4F3D00466721 /* MapboxARKit.framework in Frameworks */,
			);
			runOnlyForDeploymentPostprocessing = 0;
		};
/* End PBXFrameworksBuildPhase section */

/* Begin PBXGroup section */
		4032F6E51F3BC3D4002D0E35 /* Frameworks */ = {
			isa = PBXGroup;
			children = (
				4032F6E61F3BC3D5002D0E35 /* Turf.framework */,
			);
			name = Frameworks;
			sourceTree = "<group>";
		};
		4032F6E81F3BC478002D0E35 /* Dependencies */ = {
			isa = PBXGroup;
			children = (
				4032F6E91F3BC492002D0E35 /* Turf-swift */,
			);
			path = Dependencies;
			sourceTree = "<group>";
		};
		4032F6E91F3BC492002D0E35 /* Turf-swift */ = {
			isa = PBXGroup;
			children = (
				4032F6EA1F3BC492002D0E35 /* .gitignore */,
				4032F6EB1F3BC492002D0E35 /* Carthage */,
				4032F6F31F3BC492002D0E35 /* LICENSE.md */,
				4032F6F41F3BC492002D0E35 /* README.md */,
				4032F6F51F3BC492002D0E35 /* Turf */,
				4032F6FA1F3BC492002D0E35 /* turf-swift.podspec */,
				4032F6FB1F3BC492002D0E35 /* Turf.xcodeproj */,
				4032F6FE1F3BC492002D0E35 /* TurfTests */,
			);
			name = "Turf-swift";
			path = "../../Carthage/Checkouts/Turf-swift";
			sourceTree = "<group>";
		};
		4032F6EB1F3BC492002D0E35 /* Carthage */ = {
			isa = PBXGroup;
			children = (
				4032F6EC1F3BC492002D0E35 /* Build */,
			);
			path = Carthage;
			sourceTree = "<group>";
		};
		4032F6EC1F3BC492002D0E35 /* Build */ = {
			isa = PBXGroup;
			children = (
				4032F6ED1F3BC492002D0E35 /* .Turf-swift.version */,
				4032F6EE1F3BC492002D0E35 /* iOS */,
			);
			path = Build;
			sourceTree = "<group>";
		};
		4032F6EE1F3BC492002D0E35 /* iOS */ = {
			isa = PBXGroup;
			children = (
				4032F6EF1F3BC492002D0E35 /* 471C72CA-D553-38D7-AFCD-5C9B6ABD61CE.bcsymbolmap */,
				4032F6F01F3BC492002D0E35 /* 4CF76595-4F10-35AD-86DF-ABD4771E048F.bcsymbolmap */,
				4032F6F11F3BC492002D0E35 /* Turf.framework */,
				4032F6F21F3BC492002D0E35 /* Turf.framework.dSYM */,
			);
			path = iOS;
			sourceTree = "<group>";
		};
		4032F6F51F3BC492002D0E35 /* Turf */ = {
			isa = PBXGroup;
			children = (
				4032F6F61F3BC492002D0E35 /* CoreLocation.swift */,
				4032F6F71F3BC492002D0E35 /* Info.plist */,
				4032F6F81F3BC492002D0E35 /* Turf.h */,
				4032F6F91F3BC492002D0E35 /* Turf.swift */,
			);
			path = Turf;
			sourceTree = "<group>";
		};
		4032F6FC1F3BC492002D0E35 /* Products */ = {
			isa = PBXGroup;
			children = (
				4032F7071F3BC492002D0E35 /* Turf.framework */,
				4032F7091F3BC492002D0E35 /* TurfTests.xctest */,
			);
			name = Products;
			sourceTree = "<group>";
		};
		4032F6FE1F3BC492002D0E35 /* TurfTests */ = {
			isa = PBXGroup;
			children = (
				4032F6FF1F3BC492002D0E35 /* Fixture.swift */,
				4032F7001F3BC492002D0E35 /* Fixtures */,
				4032F7021F3BC492002D0E35 /* Info.plist */,
				4032F7031F3BC492002D0E35 /* TurfTests.swift */,
			);
			path = TurfTests;
			sourceTree = "<group>";
		};
		4032F7001F3BC492002D0E35 /* Fixtures */ = {
			isa = PBXGroup;
			children = (
				4032F7011F3BC492002D0E35 /* dc-line.geojson */,
			);
			path = Fixtures;
			sourceTree = "<group>";
		};
		40D7227A1F3A4F3D00466721 = {
			isa = PBXGroup;
			children = (
				4032F6E81F3BC478002D0E35 /* Dependencies */,
				40D722861F3A4F3D00466721 /* MapboxARKit */,
				40D722911F3A4F3D00466721 /* MapboxARKitTests */,
				40D722851F3A4F3D00466721 /* Products */,
				4032F6E51F3BC3D4002D0E35 /* Frameworks */,
			);
			sourceTree = "<group>";
		};
		40D722851F3A4F3D00466721 /* Products */ = {
			isa = PBXGroup;
			children = (
				40D722841F3A4F3D00466721 /* MapboxARKit.framework */,
				40D7228D1F3A4F3D00466721 /* MapboxARKitTests.xctest */,
			);
			name = Products;
			sourceTree = "<group>";
		};
		40D722861F3A4F3D00466721 /* MapboxARKit */ = {
			isa = PBXGroup;
			children = (
				40D722871F3A4F3D00466721 /* MapboxARKit.h */,
				4032F70B1F3BDA8B002D0E35 /* Annotation.swift */,
				40D7229F1F3A597F00466721 /* AnnotationManager.swift */,
				40D7229E1F3A597F00466721 /* MBARAnchor.swift */,
				40D722881F3A4F3D00466721 /* Info.plist */,
			);
			path = MapboxARKit;
			sourceTree = "<group>";
		};
		40D722911F3A4F3D00466721 /* MapboxARKitTests */ = {
			isa = PBXGroup;
			children = (
				40D722921F3A4F3D00466721 /* MapboxARKitTests.swift */,
				40D722941F3A4F3D00466721 /* Info.plist */,
			);
			path = MapboxARKitTests;
			sourceTree = "<group>";
		};
/* End PBXGroup section */

/* Begin PBXHeadersBuildPhase section */
		40D722811F3A4F3D00466721 /* Headers */ = {
			isa = PBXHeadersBuildPhase;
			buildActionMask = 2147483647;
			files = (
				40D722951F3A4F3D00466721 /* MapboxARKit.h in Headers */,
			);
			runOnlyForDeploymentPostprocessing = 0;
		};
/* End PBXHeadersBuildPhase section */

/* Begin PBXNativeTarget section */
		40D722831F3A4F3D00466721 /* MapboxARKit */ = {
			isa = PBXNativeTarget;
			buildConfigurationList = 40D722981F3A4F3D00466721 /* Build configuration list for PBXNativeTarget "MapboxARKit" */;
			buildPhases = (
				40D7227F1F3A4F3D00466721 /* Sources */,
				40D722801F3A4F3D00466721 /* Frameworks */,
				40D722811F3A4F3D00466721 /* Headers */,
				40D722821F3A4F3D00466721 /* Resources */,
			);
			buildRules = (
			);
			dependencies = (
			);
			name = MapboxARKit;
			productName = MapboxARKit;
			productReference = 40D722841F3A4F3D00466721 /* MapboxARKit.framework */;
			productType = "com.apple.product-type.framework";
		};
		40D7228C1F3A4F3D00466721 /* MapboxARKitTests */ = {
			isa = PBXNativeTarget;
			buildConfigurationList = 40D7229B1F3A4F3D00466721 /* Build configuration list for PBXNativeTarget "MapboxARKitTests" */;
			buildPhases = (
				40D722891F3A4F3D00466721 /* Sources */,
				40D7228A1F3A4F3D00466721 /* Frameworks */,
				40D7228B1F3A4F3D00466721 /* Resources */,
			);
			buildRules = (
			);
			dependencies = (
				40D722901F3A4F3D00466721 /* PBXTargetDependency */,
			);
			name = MapboxARKitTests;
			productName = MapboxARKitTests;
			productReference = 40D7228D1F3A4F3D00466721 /* MapboxARKitTests.xctest */;
			productType = "com.apple.product-type.bundle.unit-test";
		};
/* End PBXNativeTarget section */

/* Begin PBXProject section */
		40D7227B1F3A4F3D00466721 /* Project object */ = {
			isa = PBXProject;
			attributes = {
				LastSwiftUpdateCheck = 0900;
				LastUpgradeCheck = 0900;
				ORGANIZATIONNAME = Mapbox;
				TargetAttributes = {
					40D722831F3A4F3D00466721 = {
						CreatedOnToolsVersion = 9.0;
						LastSwiftMigration = 0900;
						ProvisioningStyle = Manual;
					};
					40D7228C1F3A4F3D00466721 = {
						CreatedOnToolsVersion = 9.0;
						ProvisioningStyle = Manual;
					};
				};
			};
			buildConfigurationList = 40D7227E1F3A4F3D00466721 /* Build configuration list for PBXProject "MapboxARKit" */;
			compatibilityVersion = "Xcode 8.0";
			developmentRegion = en;
			hasScannedForEncodings = 0;
			knownRegions = (
				en,
			);
			mainGroup = 40D7227A1F3A4F3D00466721;
			productRefGroup = 40D722851F3A4F3D00466721 /* Products */;
			projectDirPath = "";
			projectReferences = (
				{
					ProductGroup = 4032F6FC1F3BC492002D0E35 /* Products */;
					ProjectRef = 4032F6FB1F3BC492002D0E35 /* Turf.xcodeproj */;
				},
			);
			projectRoot = "";
			targets = (
				40D722831F3A4F3D00466721 /* MapboxARKit */,
				40D7228C1F3A4F3D00466721 /* MapboxARKitTests */,
			);
		};
/* End PBXProject section */

/* Begin PBXReferenceProxy section */
		4032F7071F3BC492002D0E35 /* Turf.framework */ = {
			isa = PBXReferenceProxy;
			fileType = wrapper.framework;
			path = Turf.framework;
			remoteRef = 4032F7061F3BC492002D0E35 /* PBXContainerItemProxy */;
			sourceTree = BUILT_PRODUCTS_DIR;
		};
		4032F7091F3BC492002D0E35 /* TurfTests.xctest */ = {
			isa = PBXReferenceProxy;
			fileType = wrapper.cfbundle;
			path = TurfTests.xctest;
			remoteRef = 4032F7081F3BC492002D0E35 /* PBXContainerItemProxy */;
			sourceTree = BUILT_PRODUCTS_DIR;
		};
/* End PBXReferenceProxy section */

/* Begin PBXResourcesBuildPhase section */
		40D722821F3A4F3D00466721 /* Resources */ = {
			isa = PBXResourcesBuildPhase;
			buildActionMask = 2147483647;
			files = (
			);
			runOnlyForDeploymentPostprocessing = 0;
		};
		40D7228B1F3A4F3D00466721 /* Resources */ = {
			isa = PBXResourcesBuildPhase;
			buildActionMask = 2147483647;
			files = (
			);
			runOnlyForDeploymentPostprocessing = 0;
		};
/* End PBXResourcesBuildPhase section */

/* Begin PBXSourcesBuildPhase section */
		40D7227F1F3A4F3D00466721 /* Sources */ = {
			isa = PBXSourcesBuildPhase;
			buildActionMask = 2147483647;
			files = (
				40D722A11F3A598600466721 /* AnnotationManager.swift in Sources */,
				4032F70C1F3BDA8B002D0E35 /* Annotation.swift in Sources */,
				40D722A01F3A598400466721 /* MBARAnchor.swift in Sources */,
			);
			runOnlyForDeploymentPostprocessing = 0;
		};
		40D722891F3A4F3D00466721 /* Sources */ = {
			isa = PBXSourcesBuildPhase;
			buildActionMask = 2147483647;
			files = (
				40D722931F3A4F3D00466721 /* MapboxARKitTests.swift in Sources */,
			);
			runOnlyForDeploymentPostprocessing = 0;
		};
/* End PBXSourcesBuildPhase section */

/* Begin PBXTargetDependency section */
		40D722901F3A4F3D00466721 /* PBXTargetDependency */ = {
			isa = PBXTargetDependency;
			target = 40D722831F3A4F3D00466721 /* MapboxARKit */;
			targetProxy = 40D7228F1F3A4F3D00466721 /* PBXContainerItemProxy */;
		};
/* End PBXTargetDependency section */

/* Begin XCBuildConfiguration section */
		40D722961F3A4F3D00466721 /* Debug */ = {
			isa = XCBuildConfiguration;
			buildSettings = {
				ALWAYS_SEARCH_USER_PATHS = NO;
				CLANG_ANALYZER_NONNULL = YES;
				CLANG_ANALYZER_NUMBER_OBJECT_CONVERSION = YES_AGGRESSIVE;
				CLANG_CXX_LANGUAGE_STANDARD = "gnu++14";
				CLANG_CXX_LIBRARY = "libc++";
				CLANG_ENABLE_MODULES = YES;
				CLANG_ENABLE_OBJC_ARC = YES;
				CLANG_WARN_BLOCK_CAPTURE_AUTORELEASING = YES;
				CLANG_WARN_BOOL_CONVERSION = YES;
				CLANG_WARN_COMMA = YES;
				CLANG_WARN_CONSTANT_CONVERSION = YES;
				CLANG_WARN_DIRECT_OBJC_ISA_USAGE = YES_ERROR;
				CLANG_WARN_DOCUMENTATION_COMMENTS = YES;
				CLANG_WARN_EMPTY_BODY = YES;
				CLANG_WARN_ENUM_CONVERSION = YES;
				CLANG_WARN_INFINITE_RECURSION = YES;
				CLANG_WARN_INT_CONVERSION = YES;
				CLANG_WARN_OBJC_ROOT_CLASS = YES_ERROR;
				CLANG_WARN_RANGE_LOOP_ANALYSIS = YES;
				CLANG_WARN_STRICT_PROTOTYPES = YES;
				CLANG_WARN_SUSPICIOUS_MOVE = YES;
				CLANG_WARN_UNGUARDED_AVAILABILITY = YES_AGGRESSIVE;
				CLANG_WARN_UNREACHABLE_CODE = YES;
				CLANG_WARN__DUPLICATE_METHOD_MATCH = YES;
				CODE_SIGN_IDENTITY = "iPhone Developer";
				COPY_PHASE_STRIP = NO;
				CURRENT_PROJECT_VERSION = 1;
				DEBUG_INFORMATION_FORMAT = dwarf;
				ENABLE_STRICT_OBJC_MSGSEND = YES;
				ENABLE_TESTABILITY = YES;
				GCC_C_LANGUAGE_STANDARD = gnu11;
				GCC_DYNAMIC_NO_PIC = NO;
				GCC_NO_COMMON_BLOCKS = YES;
				GCC_OPTIMIZATION_LEVEL = 0;
				GCC_PREPROCESSOR_DEFINITIONS = (
					"DEBUG=1",
					"$(inherited)",
				);
				GCC_WARN_64_TO_32_BIT_CONVERSION = YES;
				GCC_WARN_ABOUT_RETURN_TYPE = YES_ERROR;
				GCC_WARN_UNDECLARED_SELECTOR = YES;
				GCC_WARN_UNINITIALIZED_AUTOS = YES_AGGRESSIVE;
				GCC_WARN_UNUSED_FUNCTION = YES;
				GCC_WARN_UNUSED_VARIABLE = YES;
				IPHONEOS_DEPLOYMENT_TARGET = 11.0;
				MTL_ENABLE_DEBUG_INFO = YES;
				ONLY_ACTIVE_ARCH = YES;
				SDKROOT = iphoneos;
				SWIFT_ACTIVE_COMPILATION_CONDITIONS = DEBUG;
				SWIFT_OPTIMIZATION_LEVEL = "-Onone";
				VERSIONING_SYSTEM = "apple-generic";
				VERSION_INFO_PREFIX = "";
			};
			name = Debug;
		};
		40D722971F3A4F3D00466721 /* Release */ = {
			isa = XCBuildConfiguration;
			buildSettings = {
				ALWAYS_SEARCH_USER_PATHS = NO;
				CLANG_ANALYZER_NONNULL = YES;
				CLANG_ANALYZER_NUMBER_OBJECT_CONVERSION = YES_AGGRESSIVE;
				CLANG_CXX_LANGUAGE_STANDARD = "gnu++14";
				CLANG_CXX_LIBRARY = "libc++";
				CLANG_ENABLE_MODULES = YES;
				CLANG_ENABLE_OBJC_ARC = YES;
				CLANG_WARN_BLOCK_CAPTURE_AUTORELEASING = YES;
				CLANG_WARN_BOOL_CONVERSION = YES;
				CLANG_WARN_COMMA = YES;
				CLANG_WARN_CONSTANT_CONVERSION = YES;
				CLANG_WARN_DIRECT_OBJC_ISA_USAGE = YES_ERROR;
				CLANG_WARN_DOCUMENTATION_COMMENTS = YES;
				CLANG_WARN_EMPTY_BODY = YES;
				CLANG_WARN_ENUM_CONVERSION = YES;
				CLANG_WARN_INFINITE_RECURSION = YES;
				CLANG_WARN_INT_CONVERSION = YES;
				CLANG_WARN_OBJC_ROOT_CLASS = YES_ERROR;
				CLANG_WARN_RANGE_LOOP_ANALYSIS = YES;
				CLANG_WARN_STRICT_PROTOTYPES = YES;
				CLANG_WARN_SUSPICIOUS_MOVE = YES;
				CLANG_WARN_UNGUARDED_AVAILABILITY = YES_AGGRESSIVE;
				CLANG_WARN_UNREACHABLE_CODE = YES;
				CLANG_WARN__DUPLICATE_METHOD_MATCH = YES;
				CODE_SIGN_IDENTITY = "iPhone Developer";
				COPY_PHASE_STRIP = NO;
				CURRENT_PROJECT_VERSION = 1;
				DEBUG_INFORMATION_FORMAT = "dwarf-with-dsym";
				ENABLE_NS_ASSERTIONS = NO;
				ENABLE_STRICT_OBJC_MSGSEND = YES;
				GCC_C_LANGUAGE_STANDARD = gnu11;
				GCC_NO_COMMON_BLOCKS = YES;
				GCC_WARN_64_TO_32_BIT_CONVERSION = YES;
				GCC_WARN_ABOUT_RETURN_TYPE = YES_ERROR;
				GCC_WARN_UNDECLARED_SELECTOR = YES;
				GCC_WARN_UNINITIALIZED_AUTOS = YES_AGGRESSIVE;
				GCC_WARN_UNUSED_FUNCTION = YES;
				GCC_WARN_UNUSED_VARIABLE = YES;
				IPHONEOS_DEPLOYMENT_TARGET = 11.0;
				MTL_ENABLE_DEBUG_INFO = NO;
				SDKROOT = iphoneos;
				SWIFT_OPTIMIZATION_LEVEL = "-Owholemodule";
				VALIDATE_PRODUCT = YES;
				VERSIONING_SYSTEM = "apple-generic";
				VERSION_INFO_PREFIX = "";
			};
			name = Release;
		};
		40D722991F3A4F3D00466721 /* Debug */ = {
			isa = XCBuildConfiguration;
			buildSettings = {
				CLANG_ENABLE_MODULES = YES;
				CODE_SIGN_IDENTITY = "";
				"CODE_SIGN_IDENTITY[sdk=iphoneos*]" = "iPhone Developer";
				CODE_SIGN_STYLE = Manual;
				DEFINES_MODULE = YES;
				DEVELOPMENT_TEAM = "";
				DYLIB_COMPATIBILITY_VERSION = 1;
				DYLIB_CURRENT_VERSION = 1;
				DYLIB_INSTALL_NAME_BASE = "@rpath";
				INFOPLIST_FILE = MapboxARKit/Info.plist;
				INSTALL_PATH = "$(LOCAL_LIBRARY_DIR)/Frameworks";
				LD_RUNPATH_SEARCH_PATHS = "$(inherited) @executable_path/Frameworks @loader_path/Frameworks";
				PRODUCT_BUNDLE_IDENTIFIER = mapbox.com.MapboxARKit;
				PRODUCT_NAME = "$(TARGET_NAME:c99extidentifier)";
				PROVISIONING_PROFILE_SPECIFIER = "";
				SKIP_INSTALL = YES;
				SWIFT_OPTIMIZATION_LEVEL = "-Onone";
				SWIFT_VERSION = 4.0;
				TARGETED_DEVICE_FAMILY = "1,2";
			};
			name = Debug;
		};
		40D7229A1F3A4F3D00466721 /* Release */ = {
			isa = XCBuildConfiguration;
			buildSettings = {
				CLANG_ENABLE_MODULES = YES;
				CODE_SIGN_IDENTITY = "";
				"CODE_SIGN_IDENTITY[sdk=iphoneos*]" = "iPhone Developer";
				CODE_SIGN_STYLE = Manual;
				DEFINES_MODULE = YES;
				DEVELOPMENT_TEAM = "";
				DYLIB_COMPATIBILITY_VERSION = 1;
				DYLIB_CURRENT_VERSION = 1;
				DYLIB_INSTALL_NAME_BASE = "@rpath";
				INFOPLIST_FILE = MapboxARKit/Info.plist;
				INSTALL_PATH = "$(LOCAL_LIBRARY_DIR)/Frameworks";
				LD_RUNPATH_SEARCH_PATHS = "$(inherited) @executable_path/Frameworks @loader_path/Frameworks";
				PRODUCT_BUNDLE_IDENTIFIER = mapbox.com.MapboxARKit;
				PRODUCT_NAME = "$(TARGET_NAME:c99extidentifier)";
				PROVISIONING_PROFILE_SPECIFIER = "";
				SKIP_INSTALL = YES;
				SWIFT_VERSION = 4.0;
				TARGETED_DEVICE_FAMILY = "1,2";
			};
			name = Release;
		};
		40D7229C1F3A4F3D00466721 /* Debug */ = {
			isa = XCBuildConfiguration;
			buildSettings = {
				ALWAYS_EMBED_SWIFT_STANDARD_LIBRARIES = YES;
				CODE_SIGN_STYLE = Manual;
				DEVELOPMENT_TEAM = "";
				INFOPLIST_FILE = MapboxARKitTests/Info.plist;
				LD_RUNPATH_SEARCH_PATHS = "$(inherited) @executable_path/Frameworks @loader_path/Frameworks";
				PRODUCT_BUNDLE_IDENTIFIER = mapbox.com.MapboxARKitTests;
				PRODUCT_NAME = "$(TARGET_NAME)";
				PROVISIONING_PROFILE_SPECIFIER = "";
				SWIFT_VERSION = 4.0;
				TARGETED_DEVICE_FAMILY = "1,2";
			};
			name = Debug;
		};
		40D7229D1F3A4F3D00466721 /* Release */ = {
			isa = XCBuildConfiguration;
			buildSettings = {
				ALWAYS_EMBED_SWIFT_STANDARD_LIBRARIES = YES;
				CODE_SIGN_STYLE = Manual;
				DEVELOPMENT_TEAM = "";
				INFOPLIST_FILE = MapboxARKitTests/Info.plist;
				LD_RUNPATH_SEARCH_PATHS = "$(inherited) @executable_path/Frameworks @loader_path/Frameworks";
				PRODUCT_BUNDLE_IDENTIFIER = mapbox.com.MapboxARKitTests;
				PRODUCT_NAME = "$(TARGET_NAME)";
				PROVISIONING_PROFILE_SPECIFIER = "";
				SWIFT_VERSION = 4.0;
				TARGETED_DEVICE_FAMILY = "1,2";
			};
			name = Release;
		};
/* End XCBuildConfiguration section */

/* Begin XCConfigurationList section */
		40D7227E1F3A4F3D00466721 /* Build configuration list for PBXProject "MapboxARKit" */ = {
			isa = XCConfigurationList;
			buildConfigurations = (
				40D722961F3A4F3D00466721 /* Debug */,
				40D722971F3A4F3D00466721 /* Release */,
			);
			defaultConfigurationIsVisible = 0;
			defaultConfigurationName = Release;
		};
		40D722981F3A4F3D00466721 /* Build configuration list for PBXNativeTarget "MapboxARKit" */ = {
			isa = XCConfigurationList;
			buildConfigurations = (
				40D722991F3A4F3D00466721 /* Debug */,
				40D7229A1F3A4F3D00466721 /* Release */,
			);
			defaultConfigurationIsVisible = 0;
			defaultConfigurationName = Release;
		};
		40D7229B1F3A4F3D00466721 /* Build configuration list for PBXNativeTarget "MapboxARKitTests" */ = {
			isa = XCConfigurationList;
			buildConfigurations = (
				40D7229C1F3A4F3D00466721 /* Debug */,
				40D7229D1F3A4F3D00466721 /* Release */,
			);
			defaultConfigurationIsVisible = 0;
			defaultConfigurationName = Release;
		};
/* End XCConfigurationList section */
	};
	rootObject = 40D7227B1F3A4F3D00466721 /* Project object */;
}
