// !$*UTF8*$!
{
	archiveVersion = 1;
	classes = {
	};
	objectVersion = 48;
	objects = {

/* Begin PBXBuildFile section */
		0F9AD2A220863CFAEB7B781C /* Pods_MapboxDirectionsARKitDemo.framework in Frameworks */ = {isa = PBXBuildFile; fileRef = E30BE18CF96E5A7D17F63ED9 /* Pods_MapboxDirectionsARKitDemo.framework */; };
		403B7A1D1F1EF7C900171267 /* AppDelegate.swift in Sources */ = {isa = PBXBuildFile; fileRef = 403B7A1C1F1EF7C900171267 /* AppDelegate.swift */; };
		403B7A211F1EF7C900171267 /* ViewController.swift in Sources */ = {isa = PBXBuildFile; fileRef = 403B7A201F1EF7C900171267 /* ViewController.swift */; };
		403B7A241F1EF7C900171267 /* Main.storyboard in Resources */ = {isa = PBXBuildFile; fileRef = 403B7A221F1EF7C900171267 /* Main.storyboard */; };
		403B7A261F1EF7C900171267 /* Assets.xcassets in Resources */ = {isa = PBXBuildFile; fileRef = 403B7A251F1EF7C900171267 /* Assets.xcassets */; };
		403B7A291F1EF7C900171267 /* LaunchScreen.storyboard in Resources */ = {isa = PBXBuildFile; fileRef = 403B7A271F1EF7C900171267 /* LaunchScreen.storyboard */; };
		40D722A61F3A5C4300466721 /* MapboxARKit.framework in Frameworks */ = {isa = PBXBuildFile; fileRef = 40D722A51F3A5C4300466721 /* MapboxARKit.framework */; };
		40D722A71F3A5C4300466721 /* MapboxARKit.framework in Embed Frameworks */ = {isa = PBXBuildFile; fileRef = 40D722A51F3A5C4300466721 /* MapboxARKit.framework */; settings = {ATTRIBUTES = (CodeSignOnCopy, RemoveHeadersOnCopy, ); }; };
/* End PBXBuildFile section */

/* Begin PBXCopyFilesBuildPhase section */
		40D722A81F3A5C4300466721 /* Embed Frameworks */ = {
			isa = PBXCopyFilesBuildPhase;
			buildActionMask = 2147483647;
			dstPath = "";
			dstSubfolderSpec = 10;
			files = (
				40D722A71F3A5C4300466721 /* MapboxARKit.framework in Embed Frameworks */,
			);
			name = "Embed Frameworks";
			runOnlyForDeploymentPostprocessing = 0;
		};
/* End PBXCopyFilesBuildPhase section */

/* Begin PBXFileReference section */
		403B7A191F1EF7C900171267 /* MapboxDirectionsARKitDemo.app */ = {isa = PBXFileReference; explicitFileType = wrapper.application; includeInIndex = 0; path = MapboxDirectionsARKitDemo.app; sourceTree = BUILT_PRODUCTS_DIR; };
		403B7A1C1F1EF7C900171267 /* AppDelegate.swift */ = {isa = PBXFileReference; lastKnownFileType = sourcecode.swift; path = AppDelegate.swift; sourceTree = "<group>"; };
		403B7A201F1EF7C900171267 /* ViewController.swift */ = {isa = PBXFileReference; lastKnownFileType = sourcecode.swift; path = ViewController.swift; sourceTree = "<group>"; };
		403B7A231F1EF7C900171267 /* Base */ = {isa = PBXFileReference; lastKnownFileType = file.storyboard; name = Base; path = Base.lproj/Main.storyboard; sourceTree = "<group>"; };
		403B7A251F1EF7C900171267 /* Assets.xcassets */ = {isa = PBXFileReference; lastKnownFileType = folder.assetcatalog; path = Assets.xcassets; sourceTree = "<group>"; };
		403B7A281F1EF7C900171267 /* Base */ = {isa = PBXFileReference; lastKnownFileType = file.storyboard; name = Base; path = Base.lproj/LaunchScreen.storyboard; sourceTree = "<group>"; };
		403B7A2A1F1EF7C900171267 /* Info.plist */ = {isa = PBXFileReference; lastKnownFileType = text.plist.xml; path = Info.plist; sourceTree = "<group>"; };
		40D722A51F3A5C4300466721 /* MapboxARKit.framework */ = {isa = PBXFileReference; explicitFileType = wrapper.framework; path = MapboxARKit.framework; sourceTree = BUILT_PRODUCTS_DIR; };
		539CAD3A3B4394CE31A1C1D3 /* Pods-MapboxDirectionsARKitDemo.release.xcconfig */ = {isa = PBXFileReference; includeInIndex = 1; lastKnownFileType = text.xcconfig; name = "Pods-MapboxDirectionsARKitDemo.release.xcconfig"; path = "Pods/Target Support Files/Pods-MapboxDirectionsARKitDemo/Pods-MapboxDirectionsARKitDemo.release.xcconfig"; sourceTree = "<group>"; };
		953BB4E58A0C98E1964F32A8 /* Pods-MapboxDirectionsARKitDemo.debug.xcconfig */ = {isa = PBXFileReference; includeInIndex = 1; lastKnownFileType = text.xcconfig; name = "Pods-MapboxDirectionsARKitDemo.debug.xcconfig"; path = "Pods/Target Support Files/Pods-MapboxDirectionsARKitDemo/Pods-MapboxDirectionsARKitDemo.debug.xcconfig"; sourceTree = "<group>"; };
		E30BE18CF96E5A7D17F63ED9 /* Pods_MapboxDirectionsARKitDemo.framework */ = {isa = PBXFileReference; explicitFileType = wrapper.framework; includeInIndex = 0; path = Pods_MapboxDirectionsARKitDemo.framework; sourceTree = BUILT_PRODUCTS_DIR; };
/* End PBXFileReference section */

/* Begin PBXFrameworksBuildPhase section */
		403B7A161F1EF7C900171267 /* Frameworks */ = {
			isa = PBXFrameworksBuildPhase;
			buildActionMask = 2147483647;
			files = (
				0F9AD2A220863CFAEB7B781C /* Pods_MapboxDirectionsARKitDemo.framework in Frameworks */,
				40D722A61F3A5C4300466721 /* MapboxARKit.framework in Frameworks */,
			);
			runOnlyForDeploymentPostprocessing = 0;
		};
/* End PBXFrameworksBuildPhase section */

/* Begin PBXGroup section */
		403B7A101F1EF7C900171267 = {
			isa = PBXGroup;
			children = (
				403B7A1B1F1EF7C900171267 /* MapboxDirectionsARKitDemo */,
				403B7A1A1F1EF7C900171267 /* Products */,
				773B564935E7AE4717ABFFBC /* Pods */,
				51F68BD5D625D1EB213A7E27 /* Frameworks */,
			);
			sourceTree = "<group>";
		};
		403B7A1A1F1EF7C900171267 /* Products */ = {
			isa = PBXGroup;
			children = (
				403B7A191F1EF7C900171267 /* MapboxDirectionsARKitDemo.app */,
			);
			name = Products;
			sourceTree = "<group>";
		};
		403B7A1B1F1EF7C900171267 /* MapboxDirectionsARKitDemo */ = {
			isa = PBXGroup;
			children = (
				403B7A1C1F1EF7C900171267 /* AppDelegate.swift */,
				403B7A201F1EF7C900171267 /* ViewController.swift */,
				403B7A221F1EF7C900171267 /* Main.storyboard */,
				403B7A271F1EF7C900171267 /* LaunchScreen.storyboard */,
				403B7A251F1EF7C900171267 /* Assets.xcassets */,
				403B7A2A1F1EF7C900171267 /* Info.plist */,
			);
			path = MapboxDirectionsARKitDemo;
			sourceTree = "<group>";
		};
		51F68BD5D625D1EB213A7E27 /* Frameworks */ = {
			isa = PBXGroup;
			children = (
				40D722A51F3A5C4300466721 /* MapboxARKit.framework */,
				E30BE18CF96E5A7D17F63ED9 /* Pods_MapboxDirectionsARKitDemo.framework */,
			);
			name = Frameworks;
			sourceTree = "<group>";
		};
		773B564935E7AE4717ABFFBC /* Pods */ = {
			isa = PBXGroup;
			children = (
				953BB4E58A0C98E1964F32A8 /* Pods-MapboxDirectionsARKitDemo.debug.xcconfig */,
				539CAD3A3B4394CE31A1C1D3 /* Pods-MapboxDirectionsARKitDemo.release.xcconfig */,
			);
			name = Pods;
			sourceTree = "<group>";
		};
/* End PBXGroup section */

/* Begin PBXNativeTarget section */
		403B7A181F1EF7C900171267 /* MapboxDirectionsARKitDemo */ = {
			isa = PBXNativeTarget;
			buildConfigurationList = 403B7A2D1F1EF7C900171267 /* Build configuration list for PBXNativeTarget "MapboxDirectionsARKitDemo" */;
			buildPhases = (
				A3270E1C37AB21F74AA6AD57 /* [CP] Check Pods Manifest.lock */,
				403B7A151F1EF7C900171267 /* Sources */,
				403B7A161F1EF7C900171267 /* Frameworks */,
				403B7A171F1EF7C900171267 /* Resources */,
				1B17A3A1718BD9E9C01B3235 /* [CP] Embed Pods Frameworks */,
				30D57502385E7EBEDC62365D /* [CP] Copy Pods Resources */,
				400BE5651F2BB714003BF7F3 /* ShellScript */,
				40D722A81F3A5C4300466721 /* Embed Frameworks */,
			);
			buildRules = (
			);
			dependencies = (
			);
			name = MapboxDirectionsARKitDemo;
			productName = "arkit-cube-hit-test";
			productReference = 403B7A191F1EF7C900171267 /* MapboxDirectionsARKitDemo.app */;
			productType = "com.apple.product-type.application";
		};
/* End PBXNativeTarget section */

/* Begin PBXProject section */
		403B7A111F1EF7C900171267 /* Project object */ = {
			isa = PBXProject;
			attributes = {
				LastSwiftUpdateCheck = 0900;
				LastUpgradeCheck = 0900;
				ORGANIZATIONNAME = Mapbox;
				TargetAttributes = {
					403B7A181F1EF7C900171267 = {
						CreatedOnToolsVersion = 9.0;
					};
				};
			};
			buildConfigurationList = 403B7A141F1EF7C900171267 /* Build configuration list for PBXProject "MapboxDirectionsARKitDemo" */;
			compatibilityVersion = "Xcode 8.0";
			developmentRegion = en;
			hasScannedForEncodings = 0;
			knownRegions = (
				en,
				Base,
			);
			mainGroup = 403B7A101F1EF7C900171267;
			productRefGroup = 403B7A1A1F1EF7C900171267 /* Products */;
			projectDirPath = "";
			projectRoot = "";
			targets = (
				403B7A181F1EF7C900171267 /* MapboxDirectionsARKitDemo */,
			);
		};
/* End PBXProject section */

/* Begin PBXResourcesBuildPhase section */
		403B7A171F1EF7C900171267 /* Resources */ = {
			isa = PBXResourcesBuildPhase;
			buildActionMask = 2147483647;
			files = (
				403B7A291F1EF7C900171267 /* LaunchScreen.storyboard in Resources */,
				403B7A261F1EF7C900171267 /* Assets.xcassets in Resources */,
				403B7A241F1EF7C900171267 /* Main.storyboard in Resources */,
			);
			runOnlyForDeploymentPostprocessing = 0;
		};
/* End PBXResourcesBuildPhase section */

/* Begin PBXShellScriptBuildPhase section */
		1B17A3A1718BD9E9C01B3235 /* [CP] Embed Pods Frameworks */ = {
			isa = PBXShellScriptBuildPhase;
			buildActionMask = 2147483647;
			files = (
			);
			inputPaths = (
			);
			name = "[CP] Embed Pods Frameworks";
			outputPaths = (
			);
			runOnlyForDeploymentPostprocessing = 0;
			shellPath = /bin/sh;
			shellScript = "\"${SRCROOT}/Pods/Target Support Files/Pods-MapboxDirectionsARKitDemo/Pods-MapboxDirectionsARKitDemo-frameworks.sh\"\n";
			showEnvVarsInLog = 0;
		};
		30D57502385E7EBEDC62365D /* [CP] Copy Pods Resources */ = {
			isa = PBXShellScriptBuildPhase;
			buildActionMask = 2147483647;
			files = (
			);
			inputPaths = (
			);
			name = "[CP] Copy Pods Resources";
			outputPaths = (
			);
			runOnlyForDeploymentPostprocessing = 0;
			shellPath = /bin/sh;
			shellScript = "\"${SRCROOT}/Pods/Target Support Files/Pods-MapboxDirectionsARKitDemo/Pods-MapboxDirectionsARKitDemo-resources.sh\"\n";
			showEnvVarsInLog = 0;
		};
		400BE5651F2BB714003BF7F3 /* ShellScript */ = {
			isa = PBXShellScriptBuildPhase;
			buildActionMask = 2147483647;
			files = (
			);
			inputPaths = (
			);
			outputPaths = (
			);
			runOnlyForDeploymentPostprocessing = 0;
			shellPath = /bin/sh;
			shellScript = "token_file=mapbox_access_token\ntoken=\"$(cat $token_file)\"\nif [ \"$token\" ]; then\nplutil -replace MGLMapboxAccessToken -string $token \"$TARGET_BUILD_DIR/$INFOPLIST_PATH\"\nelse\necho 'error: Missing Mapbox access token'\nopen 'https://www.mapbox.com/studio/account/tokens/'\necho \"error: Get an access token from <https://www.mapbox.com/studio/account/tokens/>, then create a new file at $token_file that contains the access token.\"\nexit 1\nfi";
		};
		A3270E1C37AB21F74AA6AD57 /* [CP] Check Pods Manifest.lock */ = {
			isa = PBXShellScriptBuildPhase;
			buildActionMask = 2147483647;
			files = (
			);
			inputPaths = (
			);
			name = "[CP] Check Pods Manifest.lock";
			outputPaths = (
			);
			runOnlyForDeploymentPostprocessing = 0;
			shellPath = /bin/sh;
			shellScript = "diff \"${PODS_PODFILE_DIR_PATH}/Podfile.lock\" \"${PODS_ROOT}/Manifest.lock\" > /dev/null\nif [ $? != 0 ] ; then\n    # print error to STDERR\n    echo \"error: The sandbox is not in sync with the Podfile.lock. Run 'pod install' or update your CocoaPods installation.\" >&2\n    exit 1\nfi\n";
			showEnvVarsInLog = 0;
		};
/* End PBXShellScriptBuildPhase section */

/* Begin PBXSourcesBuildPhase section */
		403B7A151F1EF7C900171267 /* Sources */ = {
			isa = PBXSourcesBuildPhase;
			buildActionMask = 2147483647;
			files = (
				403B7A211F1EF7C900171267 /* ViewController.swift in Sources */,
				403B7A1D1F1EF7C900171267 /* AppDelegate.swift in Sources */,
			);
			runOnlyForDeploymentPostprocessing = 0;
		};
/* End PBXSourcesBuildPhase section */

/* Begin PBXVariantGroup section */
		403B7A221F1EF7C900171267 /* Main.storyboard */ = {
			isa = PBXVariantGroup;
			children = (
				403B7A231F1EF7C900171267 /* Base */,
			);
			name = Main.storyboard;
			sourceTree = "<group>";
		};
		403B7A271F1EF7C900171267 /* LaunchScreen.storyboard */ = {
			isa = PBXVariantGroup;
			children = (
				403B7A281F1EF7C900171267 /* Base */,
			);
			name = LaunchScreen.storyboard;
			sourceTree = "<group>";
		};
/* End PBXVariantGroup section */

/* Begin XCBuildConfiguration section */
		403B7A2B1F1EF7C900171267 /* Debug */ = {
			isa = XCBuildConfiguration;
			buildSettings = {
				ALWAYS_SEARCH_USER_PATHS = NO;
				CLANG_ANALYZER_NONNULL = YES;
				CLANG_ANALYZER_NUMBER_OBJECT_CONVERSION = YES_AGGRESSIVE;
				CLANG_CXX_LANGUAGE_STANDARD = "gnu++14";
				CLANG_CXX_LIBRARY = "libc++";
				CLANG_ENABLE_MODULES = YES;
				CLANG_ENABLE_OBJC_ARC = YES;
				CLANG_WARN_BLOCK_CAPTURE_AUTORELEASING = YES;
				CLANG_WARN_BOOL_CONVERSION = YES;
				CLANG_WARN_COMMA = YES;
				CLANG_WARN_CONSTANT_CONVERSION = YES;
				CLANG_WARN_DIRECT_OBJC_ISA_USAGE = YES_ERROR;
				CLANG_WARN_DOCUMENTATION_COMMENTS = YES;
				CLANG_WARN_EMPTY_BODY = YES;
				CLANG_WARN_ENUM_CONVERSION = YES;
				CLANG_WARN_INFINITE_RECURSION = YES;
				CLANG_WARN_INT_CONVERSION = YES;
				CLANG_WARN_OBJC_ROOT_CLASS = YES_ERROR;
				CLANG_WARN_RANGE_LOOP_ANALYSIS = YES;
				CLANG_WARN_STRICT_PROTOTYPES = YES;
				CLANG_WARN_SUSPICIOUS_MOVE = YES;
				CLANG_WARN_UNGUARDED_AVAILABILITY = YES_AGGRESSIVE;
				CLANG_WARN_UNREACHABLE_CODE = YES;
				CLANG_WARN__DUPLICATE_METHOD_MATCH = YES;
				CODE_SIGN_IDENTITY = "iPhone Developer";
				COPY_PHASE_STRIP = NO;
				DEBUG_INFORMATION_FORMAT = dwarf;
				ENABLE_STRICT_OBJC_MSGSEND = YES;
				ENABLE_TESTABILITY = YES;
				GCC_C_LANGUAGE_STANDARD = gnu11;
				GCC_DYNAMIC_NO_PIC = NO;
				GCC_NO_COMMON_BLOCKS = YES;
				GCC_OPTIMIZATION_LEVEL = 0;
				GCC_PREPROCESSOR_DEFINITIONS = (
					"DEBUG=1",
					"$(inherited)",
				);
				GCC_WARN_64_TO_32_BIT_CONVERSION = YES;
				GCC_WARN_ABOUT_RETURN_TYPE = YES_ERROR;
				GCC_WARN_UNDECLARED_SELECTOR = YES;
				GCC_WARN_UNINITIALIZED_AUTOS = YES_AGGRESSIVE;
				GCC_WARN_UNUSED_FUNCTION = YES;
				GCC_WARN_UNUSED_VARIABLE = YES;
				IPHONEOS_DEPLOYMENT_TARGET = 11.0;
				MTL_ENABLE_DEBUG_INFO = YES;
				ONLY_ACTIVE_ARCH = YES;
				SDKROOT = iphoneos;
				SWIFT_ACTIVE_COMPILATION_CONDITIONS = DEBUG;
				SWIFT_OPTIMIZATION_LEVEL = "-Onone";
			};
			name = Debug;
		};
		403B7A2C1F1EF7C900171267 /* Release */ = {
			isa = XCBuildConfiguration;
			buildSettings = {
				ALWAYS_SEARCH_USER_PATHS = NO;
				CLANG_ANALYZER_NONNULL = YES;
				CLANG_ANALYZER_NUMBER_OBJECT_CONVERSION = YES_AGGRESSIVE;
				CLANG_CXX_LANGUAGE_STANDARD = "gnu++14";
				CLANG_CXX_LIBRARY = "libc++";
				CLANG_ENABLE_MODULES = YES;
				CLANG_ENABLE_OBJC_ARC = YES;
				CLANG_WARN_BLOCK_CAPTURE_AUTORELEASING = YES;
				CLANG_WARN_BOOL_CONVERSION = YES;
				CLANG_WARN_COMMA = YES;
				CLANG_WARN_CONSTANT_CONVERSION = YES;
				CLANG_WARN_DIRECT_OBJC_ISA_USAGE = YES_ERROR;
				CLANG_WARN_DOCUMENTATION_COMMENTS = YES;
				CLANG_WARN_EMPTY_BODY = YES;
				CLANG_WARN_ENUM_CONVERSION = YES;
				CLANG_WARN_INFINITE_RECURSION = YES;
				CLANG_WARN_INT_CONVERSION = YES;
				CLANG_WARN_OBJC_ROOT_CLASS = YES_ERROR;
				CLANG_WARN_RANGE_LOOP_ANALYSIS = YES;
				CLANG_WARN_STRICT_PROTOTYPES = YES;
				CLANG_WARN_SUSPICIOUS_MOVE = YES;
				CLANG_WARN_UNGUARDED_AVAILABILITY = YES_AGGRESSIVE;
				CLANG_WARN_UNREACHABLE_CODE = YES;
				CLANG_WARN__DUPLICATE_METHOD_MATCH = YES;
				CODE_SIGN_IDENTITY = "iPhone Developer";
				COPY_PHASE_STRIP = NO;
				DEBUG_INFORMATION_FORMAT = "dwarf-with-dsym";
				ENABLE_NS_ASSERTIONS = NO;
				ENABLE_STRICT_OBJC_MSGSEND = YES;
				GCC_C_LANGUAGE_STANDARD = gnu11;
				GCC_NO_COMMON_BLOCKS = YES;
				GCC_WARN_64_TO_32_BIT_CONVERSION = YES;
				GCC_WARN_ABOUT_RETURN_TYPE = YES_ERROR;
				GCC_WARN_UNDECLARED_SELECTOR = YES;
				GCC_WARN_UNINITIALIZED_AUTOS = YES_AGGRESSIVE;
				GCC_WARN_UNUSED_FUNCTION = YES;
				GCC_WARN_UNUSED_VARIABLE = YES;
				IPHONEOS_DEPLOYMENT_TARGET = 11.0;
				MTL_ENABLE_DEBUG_INFO = NO;
				SDKROOT = iphoneos;
				SWIFT_OPTIMIZATION_LEVEL = "-Owholemodule";
				VALIDATE_PRODUCT = YES;
			};
			name = Release;
		};
		403B7A2E1F1EF7C900171267 /* Debug */ = {
			isa = XCBuildConfiguration;
			baseConfigurationReference = 953BB4E58A0C98E1964F32A8 /* Pods-MapboxDirectionsARKitDemo.debug.xcconfig */;
			buildSettings = {
				ASSETCATALOG_COMPILER_APPICON_NAME = AppIcon;
				DEVELOPMENT_TEAM = "";
				INFOPLIST_FILE = MapboxDirectionsARKitDemo/Info.plist;
				LD_RUNPATH_SEARCH_PATHS = "$(inherited) @executable_path/Frameworks";
				PRODUCT_BUNDLE_IDENTIFIER = com.mapbox.demo.MapboxDirectionsARKitDemo;
				PRODUCT_NAME = "$(TARGET_NAME)";
				SWIFT_VERSION = 4.0;
				TARGETED_DEVICE_FAMILY = "1,2";
			};
			name = Debug;
		};
		403B7A2F1F1EF7C900171267 /* Release */ = {
			isa = XCBuildConfiguration;
			baseConfigurationReference = 539CAD3A3B4394CE31A1C1D3 /* Pods-MapboxDirectionsARKitDemo.release.xcconfig */;
			buildSettings = {
				ASSETCATALOG_COMPILER_APPICON_NAME = AppIcon;
				DEVELOPMENT_TEAM = "";
				INFOPLIST_FILE = MapboxDirectionsARKitDemo/Info.plist;
				LD_RUNPATH_SEARCH_PATHS = "$(inherited) @executable_path/Frameworks";
				PRODUCT_BUNDLE_IDENTIFIER = com.mapbox.demo.MapboxDirectionsARKitDemo;
				PRODUCT_NAME = "$(TARGET_NAME)";
				SWIFT_VERSION = 4.0;
				TARGETED_DEVICE_FAMILY = "1,2";
			};
			name = Release;
		};
/* End XCBuildConfiguration section */

/* Begin XCConfigurationList section */
		403B7A141F1EF7C900171267 /* Build configuration list for PBXProject "MapboxDirectionsARKitDemo" */ = {
			isa = XCConfigurationList;
			buildConfigurations = (
				403B7A2B1F1EF7C900171267 /* Debug */,
				403B7A2C1F1EF7C900171267 /* Release */,
			);
			defaultConfigurationIsVisible = 0;
			defaultConfigurationName = Release;
		};
		403B7A2D1F1EF7C900171267 /* Build configuration list for PBXNativeTarget "MapboxDirectionsARKitDemo" */ = {
			isa = XCConfigurationList;
			buildConfigurations = (
				403B7A2E1F1EF7C900171267 /* Debug */,
				403B7A2F1F1EF7C900171267 /* Release */,
			);
			defaultConfigurationIsVisible = 0;
			defaultConfigurationName = Release;
		};
/* End XCConfigurationList section */
	};
	rootObject = 403B7A111F1EF7C900171267 /* Project object */;
}
